// !$*UTF8*$!
{
	archiveVersion = 1;
	classes = {
	};
	objectVersion = 48;
	objects = {

/* Begin PBXBuildFile section */
		03D59CC3C16D16A8BB2EBB68 /* Pods_NYCSchoolsUITests.framework in Frameworks */ = {isa = PBXBuildFile; fileRef = 6BC674070A4332A906463C20 /* Pods_NYCSchoolsUITests.framework */; };
		4C37BE7C2033A1CC000C1CE4 /* SchoolRouter.swift in Sources */ = {isa = PBXBuildFile; fileRef = 4C37BE7B2033A1CC000C1CE4 /* SchoolRouter.swift */; };
		4C37BE7F2033A227000C1CE4 /* SchoolSATScoresView.swift in Sources */ = {isa = PBXBuildFile; fileRef = 4C37BE7E2033A227000C1CE4 /* SchoolSATScoresView.swift */; };
		4C37BE812033A47F000C1CE4 /* SchoolSATScoreModel.swift in Sources */ = {isa = PBXBuildFile; fileRef = 4C37BE802033A47F000C1CE4 /* SchoolSATScoreModel.swift */; };
		4C37BE842033A752000C1CE4 /* SchoolLocationModel.swift in Sources */ = {isa = PBXBuildFile; fileRef = 4C37BE832033A752000C1CE4 /* SchoolLocationModel.swift */; };
		4C37BE862033AA75000C1CE4 /* ViewControllerShowsError.swift in Sources */ = {isa = PBXBuildFile; fileRef = 4C37BE852033AA75000C1CE4 /* ViewControllerShowsError.swift */; };
		4C4DEDB9206D53490046E05B /* ReactController.swift in Sources */ = {isa = PBXBuildFile; fileRef = 4C4DEDB8206D53490046E05B /* ReactController.swift */; };
		4CF1B9F0202B68B100A96192 /* AppDelegate.swift in Sources */ = {isa = PBXBuildFile; fileRef = 4CF1B9EF202B68B100A96192 /* AppDelegate.swift */; };
		4CF1B9F7202B68B100A96192 /* Assets.xcassets in Resources */ = {isa = PBXBuildFile; fileRef = 4CF1B9F6202B68B100A96192 /* Assets.xcassets */; };
		4CF1B9FA202B68B100A96192 /* LaunchScreen.storyboard in Resources */ = {isa = PBXBuildFile; fileRef = 4CF1B9F8202B68B100A96192 /* LaunchScreen.storyboard */; };
		4CF1BA05202B68B100A96192 /* NYCSchoolsTests.swift in Sources */ = {isa = PBXBuildFile; fileRef = 4CF1BA04202B68B100A96192 /* NYCSchoolsTests.swift */; };
		4CF1BA10202B68B100A96192 /* NYCSchoolsUITests.swift in Sources */ = {isa = PBXBuildFile; fileRef = 4CF1BA0F202B68B100A96192 /* NYCSchoolsUITests.swift */; };
		4CF1BA1F202B6D3000A96192 /* SchoolContainerView.swift in Sources */ = {isa = PBXBuildFile; fileRef = 4CF1BA1E202B6D3000A96192 /* SchoolContainerView.swift */; };
		4CF1BA21202B6DD200A96192 /* SchoolInteractor.swift in Sources */ = {isa = PBXBuildFile; fileRef = 4CF1BA20202B6DD200A96192 /* SchoolInteractor.swift */; };
		4CF1BA23202B6DDB00A96192 /* SchoolPresenter.swift in Sources */ = {isa = PBXBuildFile; fileRef = 4CF1BA22202B6DDB00A96192 /* SchoolPresenter.swift */; };
		4CF1BA25202B6DE900A96192 /* SchoolViewModel.swift in Sources */ = {isa = PBXBuildFile; fileRef = 4CF1BA24202B6DE900A96192 /* SchoolViewModel.swift */; };
		4CF1BA27202B6DF400A96192 /* SchoolFunctions.swift in Sources */ = {isa = PBXBuildFile; fileRef = 4CF1BA26202B6DF400A96192 /* SchoolFunctions.swift */; };
		4CF1BA2B202B6F7900A96192 /* SchoolMapView.swift in Sources */ = {isa = PBXBuildFile; fileRef = 4CF1BA2A202B6F7900A96192 /* SchoolMapView.swift */; };
		4CF1BA2D202B6F8200A96192 /* SchoolAddressView.swift in Sources */ = {isa = PBXBuildFile; fileRef = 4CF1BA2C202B6F8200A96192 /* SchoolAddressView.swift */; };
		4CF1BA2F202B96BE00A96192 /* SchoolAddressCell.swift in Sources */ = {isa = PBXBuildFile; fileRef = 4CF1BA2E202B96BE00A96192 /* SchoolAddressCell.swift */; };
		4CF1BA31202BA32000A96192 /* CircleAnnotationView.swift in Sources */ = {isa = PBXBuildFile; fileRef = 4CF1BA30202BA32000A96192 /* CircleAnnotationView.swift */; };
		5A8647D5A8A5A48F8D8AD3CF /* Pods_NYCSchools.framework in Frameworks */ = {isa = PBXBuildFile; fileRef = 1DAA81F61D8EEC206EF140F5 /* Pods_NYCSchools.framework */; };
		BD1E6DA6DC27DE5924981EF4 /* Pods_NYCSchoolsTests.framework in Frameworks */ = {isa = PBXBuildFile; fileRef = A58171DA12973514203DBBBD /* Pods_NYCSchoolsTests.framework */; };
/* End PBXBuildFile section */

/* Begin PBXContainerItemProxy section */
		4CF1BA01202B68B100A96192 /* PBXContainerItemProxy */ = {
			isa = PBXContainerItemProxy;
			containerPortal = 4CF1B9E4202B68B100A96192 /* Project object */;
			proxyType = 1;
			remoteGlobalIDString = 4CF1B9EB202B68B100A96192;
			remoteInfo = NYCSchools;
		};
		4CF1BA0C202B68B100A96192 /* PBXContainerItemProxy */ = {
			isa = PBXContainerItemProxy;
			containerPortal = 4CF1B9E4202B68B100A96192 /* Project object */;
			proxyType = 1;
			remoteGlobalIDString = 4CF1B9EB202B68B100A96192;
			remoteInfo = NYCSchools;
		};
/* End PBXContainerItemProxy section */

/* Begin PBXFileReference section */
		0BDC476077ED302B364EF768 /* Pods-NYCSchoolsTests.release.xcconfig */ = {isa = PBXFileReference; includeInIndex = 1; lastKnownFileType = text.xcconfig; name = "Pods-NYCSchoolsTests.release.xcconfig"; path = "Pods/Target Support Files/Pods-NYCSchoolsTests/Pods-NYCSchoolsTests.release.xcconfig"; sourceTree = "<group>"; };
		1DAA81F61D8EEC206EF140F5 /* Pods_NYCSchools.framework */ = {isa = PBXFileReference; explicitFileType = wrapper.framework; includeInIndex = 0; path = Pods_NYCSchools.framework; sourceTree = BUILT_PRODUCTS_DIR; };
		2BF5882316D0FECE43C5FCAA /* Pods-NYCSchoolsUITests.release.xcconfig */ = {isa = PBXFileReference; includeInIndex = 1; lastKnownFileType = text.xcconfig; name = "Pods-NYCSchoolsUITests.release.xcconfig"; path = "Pods/Target Support Files/Pods-NYCSchoolsUITests/Pods-NYCSchoolsUITests.release.xcconfig"; sourceTree = "<group>"; };
		2D3B9F1F344C8F55C6016CC5 /* Pods-NYCSchoolsUITests.debug.xcconfig */ = {isa = PBXFileReference; includeInIndex = 1; lastKnownFileType = text.xcconfig; name = "Pods-NYCSchoolsUITests.debug.xcconfig"; path = "Pods/Target Support Files/Pods-NYCSchoolsUITests/Pods-NYCSchoolsUITests.debug.xcconfig"; sourceTree = "<group>"; };
		4C37BE7B2033A1CC000C1CE4 /* SchoolRouter.swift */ = {isa = PBXFileReference; lastKnownFileType = sourcecode.swift; path = SchoolRouter.swift; sourceTree = "<group>"; };
		4C37BE7E2033A227000C1CE4 /* SchoolSATScoresView.swift */ = {isa = PBXFileReference; lastKnownFileType = sourcecode.swift; path = SchoolSATScoresView.swift; sourceTree = "<group>"; };
		4C37BE802033A47F000C1CE4 /* SchoolSATScoreModel.swift */ = {isa = PBXFileReference; lastKnownFileType = sourcecode.swift; path = SchoolSATScoreModel.swift; sourceTree = "<group>"; };
		4C37BE832033A752000C1CE4 /* SchoolLocationModel.swift */ = {isa = PBXFileReference; lastKnownFileType = sourcecode.swift; path = SchoolLocationModel.swift; sourceTree = "<group>"; };
		4C37BE852033AA75000C1CE4 /* ViewControllerShowsError.swift */ = {isa = PBXFileReference; lastKnownFileType = sourcecode.swift; path = ViewControllerShowsError.swift; sourceTree = "<group>"; };
		4C4DEDB8206D53490046E05B /* ReactController.swift */ = {isa = PBXFileReference; lastKnownFileType = sourcecode.swift; path = ReactController.swift; sourceTree = "<group>"; };
		4CED7361206D35A200F12DD1 /* NYSSchoolsBridging-Header.h */ = {isa = PBXFileReference; lastKnownFileType = sourcecode.c.h; path = "NYSSchoolsBridging-Header.h"; sourceTree = "<group>"; };
		4CF1B9EC202B68B100A96192 /* NYCSchools.app */ = {isa = PBXFileReference; explicitFileType = wrapper.application; includeInIndex = 0; path = NYCSchools.app; sourceTree = BUILT_PRODUCTS_DIR; };
		4CF1B9EF202B68B100A96192 /* AppDelegate.swift */ = {isa = PBXFileReference; lastKnownFileType = sourcecode.swift; path = AppDelegate.swift; sourceTree = "<group>"; };
		4CF1B9F6202B68B100A96192 /* Assets.xcassets */ = {isa = PBXFileReference; lastKnownFileType = folder.assetcatalog; path = Assets.xcassets; sourceTree = "<group>"; };
		4CF1B9F9202B68B100A96192 /* Base */ = {isa = PBXFileReference; lastKnownFileType = file.storyboard; name = Base; path = Base.lproj/LaunchScreen.storyboard; sourceTree = "<group>"; };
		4CF1B9FB202B68B100A96192 /* Info.plist */ = {isa = PBXFileReference; lastKnownFileType = text.plist.xml; path = Info.plist; sourceTree = "<group>"; };
		4CF1BA00202B68B100A96192 /* NYCSchoolsTests.xctest */ = {isa = PBXFileReference; explicitFileType = wrapper.cfbundle; includeInIndex = 0; path = NYCSchoolsTests.xctest; sourceTree = BUILT_PRODUCTS_DIR; };
		4CF1BA04202B68B100A96192 /* NYCSchoolsTests.swift */ = {isa = PBXFileReference; lastKnownFileType = sourcecode.swift; path = NYCSchoolsTests.swift; sourceTree = "<group>"; };
		4CF1BA06202B68B100A96192 /* Info.plist */ = {isa = PBXFileReference; lastKnownFileType = text.plist.xml; path = Info.plist; sourceTree = "<group>"; };
		4CF1BA0B202B68B100A96192 /* NYCSchoolsUITests.xctest */ = {isa = PBXFileReference; explicitFileType = wrapper.cfbundle; includeInIndex = 0; path = NYCSchoolsUITests.xctest; sourceTree = BUILT_PRODUCTS_DIR; };
		4CF1BA0F202B68B100A96192 /* NYCSchoolsUITests.swift */ = {isa = PBXFileReference; lastKnownFileType = sourcecode.swift; path = NYCSchoolsUITests.swift; sourceTree = "<group>"; };
		4CF1BA11202B68B100A96192 /* Info.plist */ = {isa = PBXFileReference; lastKnownFileType = text.plist.xml; path = Info.plist; sourceTree = "<group>"; };
		4CF1BA1E202B6D3000A96192 /* SchoolContainerView.swift */ = {isa = PBXFileReference; lastKnownFileType = sourcecode.swift; path = SchoolContainerView.swift; sourceTree = "<group>"; };
		4CF1BA20202B6DD200A96192 /* SchoolInteractor.swift */ = {isa = PBXFileReference; lastKnownFileType = sourcecode.swift; path = SchoolInteractor.swift; sourceTree = "<group>"; };
		4CF1BA22202B6DDB00A96192 /* SchoolPresenter.swift */ = {isa = PBXFileReference; lastKnownFileType = sourcecode.swift; path = SchoolPresenter.swift; sourceTree = "<group>"; };
		4CF1BA24202B6DE900A96192 /* SchoolViewModel.swift */ = {isa = PBXFileReference; lastKnownFileType = sourcecode.swift; path = SchoolViewModel.swift; sourceTree = "<group>"; };
		4CF1BA26202B6DF400A96192 /* SchoolFunctions.swift */ = {isa = PBXFileReference; lastKnownFileType = sourcecode.swift; path = SchoolFunctions.swift; sourceTree = "<group>"; };
		4CF1BA2A202B6F7900A96192 /* SchoolMapView.swift */ = {isa = PBXFileReference; lastKnownFileType = sourcecode.swift; path = SchoolMapView.swift; sourceTree = "<group>"; };
		4CF1BA2C202B6F8200A96192 /* SchoolAddressView.swift */ = {isa = PBXFileReference; lastKnownFileType = sourcecode.swift; path = SchoolAddressView.swift; sourceTree = "<group>"; };
		4CF1BA2E202B96BE00A96192 /* SchoolAddressCell.swift */ = {isa = PBXFileReference; lastKnownFileType = sourcecode.swift; path = SchoolAddressCell.swift; sourceTree = "<group>"; };
		4CF1BA30202BA32000A96192 /* CircleAnnotationView.swift */ = {isa = PBXFileReference; lastKnownFileType = sourcecode.swift; path = CircleAnnotationView.swift; sourceTree = "<group>"; };
		644A1EFA746685706AD15ECB /* Pods-NYCSchoolsTests.debug.xcconfig */ = {isa = PBXFileReference; includeInIndex = 1; lastKnownFileType = text.xcconfig; name = "Pods-NYCSchoolsTests.debug.xcconfig"; path = "Pods/Target Support Files/Pods-NYCSchoolsTests/Pods-NYCSchoolsTests.debug.xcconfig"; sourceTree = "<group>"; };
		6BC674070A4332A906463C20 /* Pods_NYCSchoolsUITests.framework */ = {isa = PBXFileReference; explicitFileType = wrapper.framework; includeInIndex = 0; path = Pods_NYCSchoolsUITests.framework; sourceTree = BUILT_PRODUCTS_DIR; };
		7E66D7412E4550CE1E33C166 /* Pods-NYCSchools.release.xcconfig */ = {isa = PBXFileReference; includeInIndex = 1; lastKnownFileType = text.xcconfig; name = "Pods-NYCSchools.release.xcconfig"; path = "Pods/Target Support Files/Pods-NYCSchools/Pods-NYCSchools.release.xcconfig"; sourceTree = "<group>"; };
		832A7FF4F7266D88B21BB7AD /* Pods-NYCSchools.debug.xcconfig */ = {isa = PBXFileReference; includeInIndex = 1; lastKnownFileType = text.xcconfig; name = "Pods-NYCSchools.debug.xcconfig"; path = "Pods/Target Support Files/Pods-NYCSchools/Pods-NYCSchools.debug.xcconfig"; sourceTree = "<group>"; };
		A58171DA12973514203DBBBD /* Pods_NYCSchoolsTests.framework */ = {isa = PBXFileReference; explicitFileType = wrapper.framework; includeInIndex = 0; path = Pods_NYCSchoolsTests.framework; sourceTree = BUILT_PRODUCTS_DIR; };
/* End PBXFileReference section */

/* Begin PBXFrameworksBuildPhase section */
		4CF1B9E9202B68B100A96192 /* Frameworks */ = {
			isa = PBXFrameworksBuildPhase;
			buildActionMask = 2147483647;
			files = (
				5A8647D5A8A5A48F8D8AD3CF /* Pods_NYCSchools.framework in Frameworks */,
			);
			runOnlyForDeploymentPostprocessing = 0;
		};
		4CF1B9FD202B68B100A96192 /* Frameworks */ = {
			isa = PBXFrameworksBuildPhase;
			buildActionMask = 2147483647;
			files = (
				BD1E6DA6DC27DE5924981EF4 /* Pods_NYCSchoolsTests.framework in Frameworks */,
			);
			runOnlyForDeploymentPostprocessing = 0;
		};
		4CF1BA08202B68B100A96192 /* Frameworks */ = {
			isa = PBXFrameworksBuildPhase;
			buildActionMask = 2147483647;
			files = (
				03D59CC3C16D16A8BB2EBB68 /* Pods_NYCSchoolsUITests.framework in Frameworks */,
			);
			runOnlyForDeploymentPostprocessing = 0;
		};
/* End PBXFrameworksBuildPhase section */

/* Begin PBXGroup section */
		2A99648E507BA9B7A7CF40C2 /* Frameworks */ = {
			isa = PBXGroup;
			children = (
				1DAA81F61D8EEC206EF140F5 /* Pods_NYCSchools.framework */,
				A58171DA12973514203DBBBD /* Pods_NYCSchoolsTests.framework */,
				6BC674070A4332A906463C20 /* Pods_NYCSchoolsUITests.framework */,
			);
			name = Frameworks;
			sourceTree = "<group>";
		};
		4C37BE7D2033A1FA000C1CE4 /* SchoolSATScores */ = {
			isa = PBXGroup;
			children = (
				4C37BE7E2033A227000C1CE4 /* SchoolSATScoresView.swift */,
				4C37BE802033A47F000C1CE4 /* SchoolSATScoreModel.swift */,
			);
			path = SchoolSATScores;
			sourceTree = "<group>";
		};
		4C37BE822033A6AB000C1CE4 /* Shared */ = {
			isa = PBXGroup;
			children = (
				4CF1BA2A202B6F7900A96192 /* SchoolMapView.swift */,
				4CF1BA26202B6DF400A96192 /* SchoolFunctions.swift */,
				4CF1BA20202B6DD200A96192 /* SchoolInteractor.swift */,
				4CF1BA22202B6DDB00A96192 /* SchoolPresenter.swift */,
				4C37BE832033A752000C1CE4 /* SchoolLocationModel.swift */,
				4C37BE852033AA75000C1CE4 /* ViewControllerShowsError.swift */,
			);
			path = Shared;
			sourceTree = "<group>";
		};
		4C4DEDB7206D532E0046E05B /* SchoolViewReact */ = {
			isa = PBXGroup;
			children = (
				4C4DEDB8206D53490046E05B /* ReactController.swift */,
			);
			path = SchoolViewReact;
			sourceTree = "<group>";
		};
		4CF1B9E3202B68B100A96192 = {
			isa = PBXGroup;
			children = (
				4CF1B9EE202B68B100A96192 /* NYCSchools */,
				4CF1BA03202B68B100A96192 /* NYCSchoolsTests */,
				4CF1BA0E202B68B100A96192 /* NYCSchoolsUITests */,
				4CF1B9ED202B68B100A96192 /* Products */,
				9D54599F7317500C8A851EE0 /* Pods */,
				2A99648E507BA9B7A7CF40C2 /* Frameworks */,
			);
			sourceTree = "<group>";
		};
		4CF1B9ED202B68B100A96192 /* Products */ = {
			isa = PBXGroup;
			children = (
				4CF1B9EC202B68B100A96192 /* NYCSchools.app */,
				4CF1BA00202B68B100A96192 /* NYCSchoolsTests.xctest */,
				4CF1BA0B202B68B100A96192 /* NYCSchoolsUITests.xctest */,
			);
			name = Products;
			sourceTree = "<group>";
		};
		4CF1B9EE202B68B100A96192 /* NYCSchools */ = {
			isa = PBXGroup;
			children = (
				4C4DEDB7206D532E0046E05B /* SchoolViewReact */,
				4C37BE822033A6AB000C1CE4 /* Shared */,
				4C37BE7D2033A1FA000C1CE4 /* SchoolSATScores */,
				4CF1BA1D202B6A8500A96192 /* ContainerView */,
				4CF1B9EF202B68B100A96192 /* AppDelegate.swift */,
				4CF1B9F6202B68B100A96192 /* Assets.xcassets */,
				4CF1B9F8202B68B100A96192 /* LaunchScreen.storyboard */,
				4CF1B9FB202B68B100A96192 /* Info.plist */,
				4CED7361206D35A200F12DD1 /* NYSSchoolsBridging-Header.h */,
			);
			path = NYCSchools;
			sourceTree = "<group>";
		};
		4CF1BA03202B68B100A96192 /* NYCSchoolsTests */ = {
			isa = PBXGroup;
			children = (
				4CF1BA04202B68B100A96192 /* NYCSchoolsTests.swift */,
				4CF1BA06202B68B100A96192 /* Info.plist */,
			);
			path = NYCSchoolsTests;
			sourceTree = "<group>";
		};
		4CF1BA0E202B68B100A96192 /* NYCSchoolsUITests */ = {
			isa = PBXGroup;
			children = (
				4CF1BA0F202B68B100A96192 /* NYCSchoolsUITests.swift */,
				4CF1BA11202B68B100A96192 /* Info.plist */,
			);
			path = NYCSchoolsUITests;
			sourceTree = "<group>";
		};
		4CF1BA1D202B6A8500A96192 /* ContainerView */ = {
			isa = PBXGroup;
			children = (
				4CF1BA29202B6F6900A96192 /* AddressView */,
				4CF1BA28202B6F6300A96192 /* MapView */,
				4CF1BA1E202B6D3000A96192 /* SchoolContainerView.swift */,
				4CF1BA24202B6DE900A96192 /* SchoolViewModel.swift */,
				4C37BE7B2033A1CC000C1CE4 /* SchoolRouter.swift */,
			);
			path = ContainerView;
			sourceTree = "<group>";
		};
		4CF1BA28202B6F6300A96192 /* MapView */ = {
			isa = PBXGroup;
			children = (
				4CF1BA30202BA32000A96192 /* CircleAnnotationView.swift */,
			);
			path = MapView;
			sourceTree = "<group>";
		};
		4CF1BA29202B6F6900A96192 /* AddressView */ = {
			isa = PBXGroup;
			children = (
				4CF1BA2C202B6F8200A96192 /* SchoolAddressView.swift */,
				4CF1BA2E202B96BE00A96192 /* SchoolAddressCell.swift */,
			);
			path = AddressView;
			sourceTree = "<group>";
		};
		9D54599F7317500C8A851EE0 /* Pods */ = {
			isa = PBXGroup;
			children = (
				832A7FF4F7266D88B21BB7AD /* Pods-NYCSchools.debug.xcconfig */,
				7E66D7412E4550CE1E33C166 /* Pods-NYCSchools.release.xcconfig */,
				644A1EFA746685706AD15ECB /* Pods-NYCSchoolsTests.debug.xcconfig */,
				0BDC476077ED302B364EF768 /* Pods-NYCSchoolsTests.release.xcconfig */,
				2D3B9F1F344C8F55C6016CC5 /* Pods-NYCSchoolsUITests.debug.xcconfig */,
				2BF5882316D0FECE43C5FCAA /* Pods-NYCSchoolsUITests.release.xcconfig */,
			);
			name = Pods;
			sourceTree = "<group>";
		};
/* End PBXGroup section */

/* Begin PBXNativeTarget section */
		4CF1B9EB202B68B100A96192 /* NYCSchools */ = {
			isa = PBXNativeTarget;
			buildConfigurationList = 4CF1BA14202B68B100A96192 /* Build configuration list for PBXNativeTarget "NYCSchools" */;
			buildPhases = (
				DC4CFA3AEA05F76E3488988E /* [CP] Check Pods Manifest.lock */,
				4CF1B9E8202B68B100A96192 /* Sources */,
				4CF1B9E9202B68B100A96192 /* Frameworks */,
				4CF1B9EA202B68B100A96192 /* Resources */,
				955EA5C6E31ACE088A15E40C /* [CP] Embed Pods Frameworks */,
			);
			buildRules = (
			);
			dependencies = (
			);
			name = NYCSchools;
			productName = NYCSchools;
			productReference = 4CF1B9EC202B68B100A96192 /* NYCSchools.app */;
			productType = "com.apple.product-type.application";
		};
		4CF1B9FF202B68B100A96192 /* NYCSchoolsTests */ = {
			isa = PBXNativeTarget;
			buildConfigurationList = 4CF1BA17202B68B100A96192 /* Build configuration list for PBXNativeTarget "NYCSchoolsTests" */;
			buildPhases = (
				623FC46A85EB1C1E54CBA695 /* [CP] Check Pods Manifest.lock */,
				4CF1B9FC202B68B100A96192 /* Sources */,
				4CF1B9FD202B68B100A96192 /* Frameworks */,
				4CF1B9FE202B68B100A96192 /* Resources */,
				27D172522C485132153845B7 /* [CP] Embed Pods Frameworks */,
			);
			buildRules = (
			);
			dependencies = (
				4CF1BA02202B68B100A96192 /* PBXTargetDependency */,
			);
			name = NYCSchoolsTests;
			productName = NYCSchoolsTests;
			productReference = 4CF1BA00202B68B100A96192 /* NYCSchoolsTests.xctest */;
			productType = "com.apple.product-type.bundle.unit-test";
		};
		4CF1BA0A202B68B100A96192 /* NYCSchoolsUITests */ = {
			isa = PBXNativeTarget;
			buildConfigurationList = 4CF1BA1A202B68B100A96192 /* Build configuration list for PBXNativeTarget "NYCSchoolsUITests" */;
			buildPhases = (
				0402C9357CD9044266071679 /* [CP] Check Pods Manifest.lock */,
				4CF1BA07202B68B100A96192 /* Sources */,
				4CF1BA08202B68B100A96192 /* Frameworks */,
				4CF1BA09202B68B100A96192 /* Resources */,
				9F9CFBBD2DCE721CC77352F1 /* [CP] Embed Pods Frameworks */,
			);
			buildRules = (
			);
			dependencies = (
				4CF1BA0D202B68B100A96192 /* PBXTargetDependency */,
			);
			name = NYCSchoolsUITests;
			productName = NYCSchoolsUITests;
			productReference = 4CF1BA0B202B68B100A96192 /* NYCSchoolsUITests.xctest */;
			productType = "com.apple.product-type.bundle.ui-testing";
		};
/* End PBXNativeTarget section */

/* Begin PBXProject section */
		4CF1B9E4202B68B100A96192 /* Project object */ = {
			isa = PBXProject;
			attributes = {
				LastSwiftUpdateCheck = 0920;
				LastUpgradeCheck = 0920;
				ORGANIZATIONNAME = "Yuchen Nie";
				TargetAttributes = {
					4CF1B9EB202B68B100A96192 = {
						CreatedOnToolsVersion = 9.2;
						ProvisioningStyle = Automatic;
					};
					4CF1B9FF202B68B100A96192 = {
						CreatedOnToolsVersion = 9.2;
						ProvisioningStyle = Automatic;
						TestTargetID = 4CF1B9EB202B68B100A96192;
					};
					4CF1BA0A202B68B100A96192 = {
						CreatedOnToolsVersion = 9.2;
						ProvisioningStyle = Automatic;
						TestTargetID = 4CF1B9EB202B68B100A96192;
					};
				};
			};
			buildConfigurationList = 4CF1B9E7202B68B100A96192 /* Build configuration list for PBXProject "NYCSchools" */;
			compatibilityVersion = "Xcode 8.0";
			developmentRegion = en;
			hasScannedForEncodings = 0;
			knownRegions = (
				en,
				Base,
			);
			mainGroup = 4CF1B9E3202B68B100A96192;
			productRefGroup = 4CF1B9ED202B68B100A96192 /* Products */;
			projectDirPath = "";
			projectRoot = "";
			targets = (
				4CF1B9EB202B68B100A96192 /* NYCSchools */,
				4CF1B9FF202B68B100A96192 /* NYCSchoolsTests */,
				4CF1BA0A202B68B100A96192 /* NYCSchoolsUITests */,
			);
		};
/* End PBXProject section */

/* Begin PBXResourcesBuildPhase section */
		4CF1B9EA202B68B100A96192 /* Resources */ = {
			isa = PBXResourcesBuildPhase;
			buildActionMask = 2147483647;
			files = (
				4CF1B9FA202B68B100A96192 /* LaunchScreen.storyboard in Resources */,
				4CF1B9F7202B68B100A96192 /* Assets.xcassets in Resources */,
			);
			runOnlyForDeploymentPostprocessing = 0;
		};
		4CF1B9FE202B68B100A96192 /* Resources */ = {
			isa = PBXResourcesBuildPhase;
			buildActionMask = 2147483647;
			files = (
			);
			runOnlyForDeploymentPostprocessing = 0;
		};
		4CF1BA09202B68B100A96192 /* Resources */ = {
			isa = PBXResourcesBuildPhase;
			buildActionMask = 2147483647;
			files = (
			);
			runOnlyForDeploymentPostprocessing = 0;
		};
/* End PBXResourcesBuildPhase section */

/* Begin PBXShellScriptBuildPhase section */
		0402C9357CD9044266071679 /* [CP] Check Pods Manifest.lock */ = {
			isa = PBXShellScriptBuildPhase;
			buildActionMask = 2147483647;
			files = (
			);
			inputPaths = (
				"${PODS_PODFILE_DIR_PATH}/Podfile.lock",
				"${PODS_ROOT}/Manifest.lock",
			);
			name = "[CP] Check Pods Manifest.lock";
			outputPaths = (
				"$(DERIVED_FILE_DIR)/Pods-NYCSchoolsUITests-checkManifestLockResult.txt",
			);
			runOnlyForDeploymentPostprocessing = 0;
			shellPath = /bin/sh;
			shellScript = "diff \"${PODS_PODFILE_DIR_PATH}/Podfile.lock\" \"${PODS_ROOT}/Manifest.lock\" > /dev/null\nif [ $? != 0 ] ; then\n    # print error to STDERR\n    echo \"error: The sandbox is not in sync with the Podfile.lock. Run 'pod install' or update your CocoaPods installation.\" >&2\n    exit 1\nfi\n# This output is used by Xcode 'outputs' to avoid re-running this script phase.\necho \"SUCCESS\" > \"${SCRIPT_OUTPUT_FILE_0}\"\n";
			showEnvVarsInLog = 0;
		};
		27D172522C485132153845B7 /* [CP] Embed Pods Frameworks */ = {
			isa = PBXShellScriptBuildPhase;
			buildActionMask = 2147483647;
			files = (
			);
			inputPaths = (
				"${SRCROOT}/Pods/Target Support Files/Pods-NYCSchoolsTests/Pods-NYCSchoolsTests-frameworks.sh",
				"${BUILT_PRODUCTS_DIR}/Alamofire/Alamofire.framework",
				"${BUILT_PRODUCTS_DIR}/DoubleConversion/DoubleConversion.framework",
				"${BUILT_PRODUCTS_DIR}/Folly/folly.framework",
				"${BUILT_PRODUCTS_DIR}/ObjectMapper/ObjectMapper.framework",
				"${BUILT_PRODUCTS_DIR}/PhoneNumberKit/PhoneNumberKit.framework",
				"${BUILT_PRODUCTS_DIR}/React/React.framework",
				"${BUILT_PRODUCTS_DIR}/RxCocoa/RxCocoa.framework",
				"${BUILT_PRODUCTS_DIR}/RxSwift/RxSwift.framework",
				"${BUILT_PRODUCTS_DIR}/SnapKit/SnapKit.framework",
				"${BUILT_PRODUCTS_DIR}/glog/glog.framework",
				"${BUILT_PRODUCTS_DIR}/yoga/yoga.framework",
				"${BUILT_PRODUCTS_DIR}/Nimble/Nimble.framework",
				"${BUILT_PRODUCTS_DIR}/Quick/Quick.framework",
			);
			name = "[CP] Embed Pods Frameworks";
			outputPaths = (
				"${TARGET_BUILD_DIR}/${FRAMEWORKS_FOLDER_PATH}/Alamofire.framework",
				"${TARGET_BUILD_DIR}/${FRAMEWORKS_FOLDER_PATH}/DoubleConversion.framework",
				"${TARGET_BUILD_DIR}/${FRAMEWORKS_FOLDER_PATH}/folly.framework",
				"${TARGET_BUILD_DIR}/${FRAMEWORKS_FOLDER_PATH}/ObjectMapper.framework",
				"${TARGET_BUILD_DIR}/${FRAMEWORKS_FOLDER_PATH}/PhoneNumberKit.framework",
				"${TARGET_BUILD_DIR}/${FRAMEWORKS_FOLDER_PATH}/React.framework",
				"${TARGET_BUILD_DIR}/${FRAMEWORKS_FOLDER_PATH}/RxCocoa.framework",
				"${TARGET_BUILD_DIR}/${FRAMEWORKS_FOLDER_PATH}/RxSwift.framework",
				"${TARGET_BUILD_DIR}/${FRAMEWORKS_FOLDER_PATH}/SnapKit.framework",
				"${TARGET_BUILD_DIR}/${FRAMEWORKS_FOLDER_PATH}/glog.framework",
				"${TARGET_BUILD_DIR}/${FRAMEWORKS_FOLDER_PATH}/yoga.framework",
				"${TARGET_BUILD_DIR}/${FRAMEWORKS_FOLDER_PATH}/Nimble.framework",
				"${TARGET_BUILD_DIR}/${FRAMEWORKS_FOLDER_PATH}/Quick.framework",
			);
			runOnlyForDeploymentPostprocessing = 0;
			shellPath = /bin/sh;
			shellScript = "\"${SRCROOT}/Pods/Target Support Files/Pods-NYCSchoolsTests/Pods-NYCSchoolsTests-frameworks.sh\"\n";
			showEnvVarsInLog = 0;
		};
		623FC46A85EB1C1E54CBA695 /* [CP] Check Pods Manifest.lock */ = {
			isa = PBXShellScriptBuildPhase;
			buildActionMask = 2147483647;
			files = (
			);
			inputPaths = (
				"${PODS_PODFILE_DIR_PATH}/Podfile.lock",
				"${PODS_ROOT}/Manifest.lock",
			);
			name = "[CP] Check Pods Manifest.lock";
			outputPaths = (
				"$(DERIVED_FILE_DIR)/Pods-NYCSchoolsTests-checkManifestLockResult.txt",
			);
			runOnlyForDeploymentPostprocessing = 0;
			shellPath = /bin/sh;
			shellScript = "diff \"${PODS_PODFILE_DIR_PATH}/Podfile.lock\" \"${PODS_ROOT}/Manifest.lock\" > /dev/null\nif [ $? != 0 ] ; then\n    # print error to STDERR\n    echo \"error: The sandbox is not in sync with the Podfile.lock. Run 'pod install' or update your CocoaPods installation.\" >&2\n    exit 1\nfi\n# This output is used by Xcode 'outputs' to avoid re-running this script phase.\necho \"SUCCESS\" > \"${SCRIPT_OUTPUT_FILE_0}\"\n";
			showEnvVarsInLog = 0;
		};
		955EA5C6E31ACE088A15E40C /* [CP] Embed Pods Frameworks */ = {
			isa = PBXShellScriptBuildPhase;
			buildActionMask = 2147483647;
			files = (
			);
			inputPaths = (
				"${SRCROOT}/Pods/Target Support Files/Pods-NYCSchools/Pods-NYCSchools-frameworks.sh",
				"${BUILT_PRODUCTS_DIR}/Alamofire/Alamofire.framework",
				"${BUILT_PRODUCTS_DIR}/DoubleConversion/DoubleConversion.framework",
				"${BUILT_PRODUCTS_DIR}/Folly/folly.framework",
				"${BUILT_PRODUCTS_DIR}/ObjectMapper/ObjectMapper.framework",
				"${BUILT_PRODUCTS_DIR}/PhoneNumberKit/PhoneNumberKit.framework",
				"${BUILT_PRODUCTS_DIR}/React/React.framework",
				"${BUILT_PRODUCTS_DIR}/RxCocoa/RxCocoa.framework",
				"${BUILT_PRODUCTS_DIR}/RxSwift/RxSwift.framework",
				"${BUILT_PRODUCTS_DIR}/SnapKit/SnapKit.framework",
				"${BUILT_PRODUCTS_DIR}/glog/glog.framework",
				"${BUILT_PRODUCTS_DIR}/yoga/yoga.framework",
			);
			name = "[CP] Embed Pods Frameworks";
			outputPaths = (
				"${TARGET_BUILD_DIR}/${FRAMEWORKS_FOLDER_PATH}/Alamofire.framework",
				"${TARGET_BUILD_DIR}/${FRAMEWORKS_FOLDER_PATH}/DoubleConversion.framework",
				"${TARGET_BUILD_DIR}/${FRAMEWORKS_FOLDER_PATH}/folly.framework",
				"${TARGET_BUILD_DIR}/${FRAMEWORKS_FOLDER_PATH}/ObjectMapper.framework",
				"${TARGET_BUILD_DIR}/${FRAMEWORKS_FOLDER_PATH}/PhoneNumberKit.framework",
				"${TARGET_BUILD_DIR}/${FRAMEWORKS_FOLDER_PATH}/React.framework",
				"${TARGET_BUILD_DIR}/${FRAMEWORKS_FOLDER_PATH}/RxCocoa.framework",
				"${TARGET_BUILD_DIR}/${FRAMEWORKS_FOLDER_PATH}/RxSwift.framework",
				"${TARGET_BUILD_DIR}/${FRAMEWORKS_FOLDER_PATH}/SnapKit.framework",
				"${TARGET_BUILD_DIR}/${FRAMEWORKS_FOLDER_PATH}/glog.framework",
				"${TARGET_BUILD_DIR}/${FRAMEWORKS_FOLDER_PATH}/yoga.framework",
			);
			runOnlyForDeploymentPostprocessing = 0;
			shellPath = /bin/sh;
			shellScript = "\"${SRCROOT}/Pods/Target Support Files/Pods-NYCSchools/Pods-NYCSchools-frameworks.sh\"\n";
			showEnvVarsInLog = 0;
		};
		9F9CFBBD2DCE721CC77352F1 /* [CP] Embed Pods Frameworks */ = {
			isa = PBXShellScriptBuildPhase;
			buildActionMask = 2147483647;
			files = (
			);
			inputPaths = (
				"${SRCROOT}/Pods/Target Support Files/Pods-NYCSchoolsUITests/Pods-NYCSchoolsUITests-frameworks.sh",
				"${BUILT_PRODUCTS_DIR}/Alamofire/Alamofire.framework",
				"${BUILT_PRODUCTS_DIR}/DoubleConversion/DoubleConversion.framework",
				"${BUILT_PRODUCTS_DIR}/Folly/folly.framework",
				"${BUILT_PRODUCTS_DIR}/ObjectMapper/ObjectMapper.framework",
				"${BUILT_PRODUCTS_DIR}/PhoneNumberKit/PhoneNumberKit.framework",
				"${BUILT_PRODUCTS_DIR}/React/React.framework",
				"${BUILT_PRODUCTS_DIR}/RxCocoa/RxCocoa.framework",
				"${BUILT_PRODUCTS_DIR}/RxSwift/RxSwift.framework",
				"${BUILT_PRODUCTS_DIR}/SnapKit/SnapKit.framework",
				"${BUILT_PRODUCTS_DIR}/glog/glog.framework",
				"${BUILT_PRODUCTS_DIR}/yoga/yoga.framework",
				"${BUILT_PRODUCTS_DIR}/Nimble/Nimble.framework",
				"${BUILT_PRODUCTS_DIR}/Quick/Quick.framework",
			);
			name = "[CP] Embed Pods Frameworks";
			outputPaths = (
				"${TARGET_BUILD_DIR}/${FRAMEWORKS_FOLDER_PATH}/Alamofire.framework",
				"${TARGET_BUILD_DIR}/${FRAMEWORKS_FOLDER_PATH}/DoubleConversion.framework",
				"${TARGET_BUILD_DIR}/${FRAMEWORKS_FOLDER_PATH}/folly.framework",
				"${TARGET_BUILD_DIR}/${FRAMEWORKS_FOLDER_PATH}/ObjectMapper.framework",
				"${TARGET_BUILD_DIR}/${FRAMEWORKS_FOLDER_PATH}/PhoneNumberKit.framework",
				"${TARGET_BUILD_DIR}/${FRAMEWORKS_FOLDER_PATH}/React.framework",
				"${TARGET_BUILD_DIR}/${FRAMEWORKS_FOLDER_PATH}/RxCocoa.framework",
				"${TARGET_BUILD_DIR}/${FRAMEWORKS_FOLDER_PATH}/RxSwift.framework",
				"${TARGET_BUILD_DIR}/${FRAMEWORKS_FOLDER_PATH}/SnapKit.framework",
				"${TARGET_BUILD_DIR}/${FRAMEWORKS_FOLDER_PATH}/glog.framework",
				"${TARGET_BUILD_DIR}/${FRAMEWORKS_FOLDER_PATH}/yoga.framework",
				"${TARGET_BUILD_DIR}/${FRAMEWORKS_FOLDER_PATH}/Nimble.framework",
				"${TARGET_BUILD_DIR}/${FRAMEWORKS_FOLDER_PATH}/Quick.framework",
			);
			runOnlyForDeploymentPostprocessing = 0;
			shellPath = /bin/sh;
			shellScript = "\"${SRCROOT}/Pods/Target Support Files/Pods-NYCSchoolsUITests/Pods-NYCSchoolsUITests-frameworks.sh\"\n";
			showEnvVarsInLog = 0;
		};
		DC4CFA3AEA05F76E3488988E /* [CP] Check Pods Manifest.lock */ = {
			isa = PBXShellScriptBuildPhase;
			buildActionMask = 2147483647;
			files = (
			);
			inputPaths = (
				"${PODS_PODFILE_DIR_PATH}/Podfile.lock",
				"${PODS_ROOT}/Manifest.lock",
			);
			name = "[CP] Check Pods Manifest.lock";
			outputPaths = (
				"$(DERIVED_FILE_DIR)/Pods-NYCSchools-checkManifestLockResult.txt",
			);
			runOnlyForDeploymentPostprocessing = 0;
			shellPath = /bin/sh;
			shellScript = "diff \"${PODS_PODFILE_DIR_PATH}/Podfile.lock\" \"${PODS_ROOT}/Manifest.lock\" > /dev/null\nif [ $? != 0 ] ; then\n    # print error to STDERR\n    echo \"error: The sandbox is not in sync with the Podfile.lock. Run 'pod install' or update your CocoaPods installation.\" >&2\n    exit 1\nfi\n# This output is used by Xcode 'outputs' to avoid re-running this script phase.\necho \"SUCCESS\" > \"${SCRIPT_OUTPUT_FILE_0}\"\n";
			showEnvVarsInLog = 0;
		};
/* End PBXShellScriptBuildPhase section */

/* Begin PBXSourcesBuildPhase section */
		4CF1B9E8202B68B100A96192 /* Sources */ = {
			isa = PBXSourcesBuildPhase;
			buildActionMask = 2147483647;
			files = (
				4CF1BA2F202B96BE00A96192 /* SchoolAddressCell.swift in Sources */,
				4CF1BA23202B6DDB00A96192 /* SchoolPresenter.swift in Sources */,
				4CF1BA27202B6DF400A96192 /* SchoolFunctions.swift in Sources */,
				4C4DEDB9206D53490046E05B /* ReactController.swift in Sources */,
				4C37BE7C2033A1CC000C1CE4 /* SchoolRouter.swift in Sources */,
				4C37BE862033AA75000C1CE4 /* ViewControllerShowsError.swift in Sources */,
				4CF1BA25202B6DE900A96192 /* SchoolViewModel.swift in Sources */,
				4CF1BA2D202B6F8200A96192 /* SchoolAddressView.swift in Sources */,
				4C37BE7F2033A227000C1CE4 /* SchoolSATScoresView.swift in Sources */,
				4CF1BA31202BA32000A96192 /* CircleAnnotationView.swift in Sources */,
				4CF1BA2B202B6F7900A96192 /* SchoolMapView.swift in Sources */,
				4CF1BA1F202B6D3000A96192 /* SchoolContainerView.swift in Sources */,
				4CF1BA21202B6DD200A96192 /* SchoolInteractor.swift in Sources */,
				4C37BE812033A47F000C1CE4 /* SchoolSATScoreModel.swift in Sources */,
				4C37BE842033A752000C1CE4 /* SchoolLocationModel.swift in Sources */,
				4CF1B9F0202B68B100A96192 /* AppDelegate.swift in Sources */,
			);
			runOnlyForDeploymentPostprocessing = 0;
		};
		4CF1B9FC202B68B100A96192 /* Sources */ = {
			isa = PBXSourcesBuildPhase;
			buildActionMask = 2147483647;
			files = (
				4CF1BA05202B68B100A96192 /* NYCSchoolsTests.swift in Sources */,
			);
			runOnlyForDeploymentPostprocessing = 0;
		};
		4CF1BA07202B68B100A96192 /* Sources */ = {
			isa = PBXSourcesBuildPhase;
			buildActionMask = 2147483647;
			files = (
				4CF1BA10202B68B100A96192 /* NYCSchoolsUITests.swift in Sources */,
			);
			runOnlyForDeploymentPostprocessing = 0;
		};
/* End PBXSourcesBuildPhase section */

/* Begin PBXTargetDependency section */
		4CF1BA02202B68B100A96192 /* PBXTargetDependency */ = {
			isa = PBXTargetDependency;
			target = 4CF1B9EB202B68B100A96192 /* NYCSchools */;
			targetProxy = 4CF1BA01202B68B100A96192 /* PBXContainerItemProxy */;
		};
		4CF1BA0D202B68B100A96192 /* PBXTargetDependency */ = {
			isa = PBXTargetDependency;
			target = 4CF1B9EB202B68B100A96192 /* NYCSchools */;
			targetProxy = 4CF1BA0C202B68B100A96192 /* PBXContainerItemProxy */;
		};
/* End PBXTargetDependency section */

/* Begin PBXVariantGroup section */
		4CF1B9F8202B68B100A96192 /* LaunchScreen.storyboard */ = {
			isa = PBXVariantGroup;
			children = (
				4CF1B9F9202B68B100A96192 /* Base */,
			);
			name = LaunchScreen.storyboard;
			sourceTree = "<group>";
		};
/* End PBXVariantGroup section */

/* Begin XCBuildConfiguration section */
		4CF1BA12202B68B100A96192 /* Debug */ = {
			isa = XCBuildConfiguration;
			buildSettings = {
				ALWAYS_SEARCH_USER_PATHS = NO;
				CLANG_ANALYZER_NONNULL = YES;
				CLANG_ANALYZER_NUMBER_OBJECT_CONVERSION = YES_AGGRESSIVE;
				CLANG_CXX_LANGUAGE_STANDARD = "gnu++14";
				CLANG_CXX_LIBRARY = "libc++";
				CLANG_ENABLE_MODULES = YES;
				CLANG_ENABLE_OBJC_ARC = YES;
				CLANG_WARN_BLOCK_CAPTURE_AUTORELEASING = YES;
				CLANG_WARN_BOOL_CONVERSION = YES;
				CLANG_WARN_COMMA = YES;
				CLANG_WARN_CONSTANT_CONVERSION = YES;
				CLANG_WARN_DIRECT_OBJC_ISA_USAGE = YES_ERROR;
				CLANG_WARN_DOCUMENTATION_COMMENTS = YES;
				CLANG_WARN_EMPTY_BODY = YES;
				CLANG_WARN_ENUM_CONVERSION = YES;
				CLANG_WARN_INFINITE_RECURSION = YES;
				CLANG_WARN_INT_CONVERSION = YES;
				CLANG_WARN_NON_LITERAL_NULL_CONVERSION = YES;
				CLANG_WARN_OBJC_LITERAL_CONVERSION = YES;
				CLANG_WARN_OBJC_ROOT_CLASS = YES_ERROR;
				CLANG_WARN_RANGE_LOOP_ANALYSIS = YES;
				CLANG_WARN_STRICT_PROTOTYPES = YES;
				CLANG_WARN_SUSPICIOUS_MOVE = YES;
				CLANG_WARN_UNGUARDED_AVAILABILITY = YES_AGGRESSIVE;
				CLANG_WARN_UNREACHABLE_CODE = YES;
				CLANG_WARN__DUPLICATE_METHOD_MATCH = YES;
				CODE_SIGN_IDENTITY = "iPhone Developer";
				COPY_PHASE_STRIP = NO;
				DEBUG_INFORMATION_FORMAT = dwarf;
				ENABLE_STRICT_OBJC_MSGSEND = YES;
				ENABLE_TESTABILITY = YES;
				GCC_C_LANGUAGE_STANDARD = gnu11;
				GCC_DYNAMIC_NO_PIC = NO;
				GCC_NO_COMMON_BLOCKS = YES;
				GCC_OPTIMIZATION_LEVEL = 0;
				GCC_PREPROCESSOR_DEFINITIONS = (
					"DEBUG=1",
					"$(inherited)",
				);
				GCC_WARN_64_TO_32_BIT_CONVERSION = YES;
				GCC_WARN_ABOUT_RETURN_TYPE = YES_ERROR;
				GCC_WARN_UNDECLARED_SELECTOR = YES;
				GCC_WARN_UNINITIALIZED_AUTOS = YES_AGGRESSIVE;
				GCC_WARN_UNUSED_FUNCTION = YES;
				GCC_WARN_UNUSED_VARIABLE = YES;
				IPHONEOS_DEPLOYMENT_TARGET = 11.2;
				MTL_ENABLE_DEBUG_INFO = YES;
				ONLY_ACTIVE_ARCH = YES;
				SDKROOT = iphoneos;
				SWIFT_ACTIVE_COMPILATION_CONDITIONS = DEBUG;
				SWIFT_OPTIMIZATION_LEVEL = "-Onone";
			};
			name = Debug;
		};
		4CF1BA13202B68B100A96192 /* Release */ = {
			isa = XCBuildConfiguration;
			buildSettings = {
				ALWAYS_SEARCH_USER_PATHS = NO;
				CLANG_ANALYZER_NONNULL = YES;
				CLANG_ANALYZER_NUMBER_OBJECT_CONVERSION = YES_AGGRESSIVE;
				CLANG_CXX_LANGUAGE_STANDARD = "gnu++14";
				CLANG_CXX_LIBRARY = "libc++";
				CLANG_ENABLE_MODULES = YES;
				CLANG_ENABLE_OBJC_ARC = YES;
				CLANG_WARN_BLOCK_CAPTURE_AUTORELEASING = YES;
				CLANG_WARN_BOOL_CONVERSION = YES;
				CLANG_WARN_COMMA = YES;
				CLANG_WARN_CONSTANT_CONVERSION = YES;
				CLANG_WARN_DIRECT_OBJC_ISA_USAGE = YES_ERROR;
				CLANG_WARN_DOCUMENTATION_COMMENTS = YES;
				CLANG_WARN_EMPTY_BODY = YES;
				CLANG_WARN_ENUM_CONVERSION = YES;
				CLANG_WARN_INFINITE_RECURSION = YES;
				CLANG_WARN_INT_CONVERSION = YES;
				CLANG_WARN_NON_LITERAL_NULL_CONVERSION = YES;
				CLANG_WARN_OBJC_LITERAL_CONVERSION = YES;
				CLANG_WARN_OBJC_ROOT_CLASS = YES_ERROR;
				CLANG_WARN_RANGE_LOOP_ANALYSIS = YES;
				CLANG_WARN_STRICT_PROTOTYPES = YES;
				CLANG_WARN_SUSPICIOUS_MOVE = YES;
				CLANG_WARN_UNGUARDED_AVAILABILITY = YES_AGGRESSIVE;
				CLANG_WARN_UNREACHABLE_CODE = YES;
				CLANG_WARN__DUPLICATE_METHOD_MATCH = YES;
				CODE_SIGN_IDENTITY = "iPhone Developer";
				COPY_PHASE_STRIP = NO;
				DEBUG_INFORMATION_FORMAT = "dwarf-with-dsym";
				ENABLE_NS_ASSERTIONS = NO;
				ENABLE_STRICT_OBJC_MSGSEND = YES;
				GCC_C_LANGUAGE_STANDARD = gnu11;
				GCC_NO_COMMON_BLOCKS = YES;
				GCC_WARN_64_TO_32_BIT_CONVERSION = YES;
				GCC_WARN_ABOUT_RETURN_TYPE = YES_ERROR;
				GCC_WARN_UNDECLARED_SELECTOR = YES;
				GCC_WARN_UNINITIALIZED_AUTOS = YES_AGGRESSIVE;
				GCC_WARN_UNUSED_FUNCTION = YES;
				GCC_WARN_UNUSED_VARIABLE = YES;
				IPHONEOS_DEPLOYMENT_TARGET = 11.2;
				MTL_ENABLE_DEBUG_INFO = NO;
				SDKROOT = iphoneos;
				SWIFT_OPTIMIZATION_LEVEL = "-Owholemodule";
				VALIDATE_PRODUCT = YES;
			};
			name = Release;
		};
		4CF1BA15202B68B100A96192 /* Debug */ = {
			isa = XCBuildConfiguration;
			baseConfigurationReference = 832A7FF4F7266D88B21BB7AD /* Pods-NYCSchools.debug.xcconfig */;
			buildSettings = {
				ASSETCATALOG_COMPILER_APPICON_NAME = AppIcon;
				CODE_SIGN_STYLE = Automatic;
				INFOPLIST_FILE = NYCSchools/Info.plist;
				LD_RUNPATH_SEARCH_PATHS = "$(inherited) @executable_path/Frameworks";
				PRODUCT_BUNDLE_IDENTIFIER = VBH.NYCSchools;
				PRODUCT_NAME = "$(TARGET_NAME)";
				SWIFT_OBJC_BRIDGING_HEADER = "NYCSchools/NYSSchoolsBridging-Header.h";
				SWIFT_VERSION = 4.0;
				TARGETED_DEVICE_FAMILY = "1,2";
			};
			name = Debug;
		};
		4CF1BA16202B68B100A96192 /* Release */ = {
			isa = XCBuildConfiguration;
			baseConfigurationReference = 7E66D7412E4550CE1E33C166 /* Pods-NYCSchools.release.xcconfig */;
			buildSettings = {
				ASSETCATALOG_COMPILER_APPICON_NAME = AppIcon;
				CODE_SIGN_STYLE = Automatic;
				INFOPLIST_FILE = NYCSchools/Info.plist;
				LD_RUNPATH_SEARCH_PATHS = "$(inherited) @executable_path/Frameworks";
				PRODUCT_BUNDLE_IDENTIFIER = VBH.NYCSchools;
				PRODUCT_NAME = "$(TARGET_NAME)";
				SWIFT_OBJC_BRIDGING_HEADER = "NYCSchools/NYSSchoolsBridging-Header.h";
				SWIFT_VERSION = 4.0;
				TARGETED_DEVICE_FAMILY = "1,2";
			};
			name = Release;
		};
		4CF1BA18202B68B100A96192 /* Debug */ = {
			isa = XCBuildConfiguration;
			baseConfigurationReference = 644A1EFA746685706AD15ECB /* Pods-NYCSchoolsTests.debug.xcconfig */;
			buildSettings = {
				ALWAYS_EMBED_SWIFT_STANDARD_LIBRARIES = YES;
				BUNDLE_LOADER = "$(TEST_HOST)";
				CODE_SIGN_STYLE = Automatic;
				INFOPLIST_FILE = NYCSchoolsTests/Info.plist;
				LD_RUNPATH_SEARCH_PATHS = "$(inherited) @executable_path/Frameworks @loader_path/Frameworks";
				PRODUCT_BUNDLE_IDENTIFIER = VBH.NYCSchoolsTests;
				PRODUCT_NAME = "$(TARGET_NAME)";
				SWIFT_VERSION = 4.0;
				TARGETED_DEVICE_FAMILY = "1,2";
				TEST_HOST = "$(BUILT_PRODUCTS_DIR)/NYCSchools.app/NYCSchools";
			};
			name = Debug;
		};
		4CF1BA19202B68B100A96192 /* Release */ = {
			isa = XCBuildConfiguration;
			baseConfigurationReference = 0BDC476077ED302B364EF768 /* Pods-NYCSchoolsTests.release.xcconfig */;
			buildSettings = {
				ALWAYS_EMBED_SWIFT_STANDARD_LIBRARIES = YES;
				BUNDLE_LOADER = "$(TEST_HOST)";
				CODE_SIGN_STYLE = Automatic;
				INFOPLIST_FILE = NYCSchoolsTests/Info.plist;
				LD_RUNPATH_SEARCH_PATHS = "$(inherited) @executable_path/Frameworks @loader_path/Frameworks";
				PRODUCT_BUNDLE_IDENTIFIER = VBH.NYCSchoolsTests;
				PRODUCT_NAME = "$(TARGET_NAME)";
				SWIFT_VERSION = 4.0;
				TARGETED_DEVICE_FAMILY = "1,2";
				TEST_HOST = "$(BUILT_PRODUCTS_DIR)/NYCSchools.app/NYCSchools";
			};
			name = Release;
		};
		4CF1BA1B202B68B100A96192 /* Debug */ = {
			isa = XCBuildConfiguration;
			baseConfigurationReference = 2D3B9F1F344C8F55C6016CC5 /* Pods-NYCSchoolsUITests.debug.xcconfig */;
			buildSettings = {
				ALWAYS_EMBED_SWIFT_STANDARD_LIBRARIES = YES;
				CODE_SIGN_STYLE = Automatic;
				INFOPLIST_FILE = NYCSchoolsUITests/Info.plist;
				LD_RUNPATH_SEARCH_PATHS = "$(inherited) @executable_path/Frameworks @loader_path/Frameworks";
				PRODUCT_BUNDLE_IDENTIFIER = VBH.NYCSchoolsUITests;
				PRODUCT_NAME = "$(TARGET_NAME)";
				SWIFT_VERSION = 4.0;
				TARGETED_DEVICE_FAMILY = "1,2";
				TEST_TARGET_NAME = NYCSchools;
			};
			name = Debug;
		};
		4CF1BA1C202B68B100A96192 /* Release */ = {
			isa = XCBuildConfiguration;
			baseConfigurationReference = 2BF5882316D0FECE43C5FCAA /* Pods-NYCSchoolsUITests.release.xcconfig */;
			buildSettings = {
				ALWAYS_EMBED_SWIFT_STANDARD_LIBRARIES = YES;
				CODE_SIGN_STYLE = Automatic;
				INFOPLIST_FILE = NYCSchoolsUITests/Info.plist;
				LD_RUNPATH_SEARCH_PATHS = "$(inherited) @executable_path/Frameworks @loader_path/Frameworks";
				PRODUCT_BUNDLE_IDENTIFIER = VBH.NYCSchoolsUITests;
				PRODUCT_NAME = "$(TARGET_NAME)";
				SWIFT_VERSION = 4.0;
				TARGETED_DEVICE_FAMILY = "1,2";
				TEST_TARGET_NAME = NYCSchools;
			};
			name = Release;
		};
/* End XCBuildConfiguration section */

/* Begin XCConfigurationList section */
		4CF1B9E7202B68B100A96192 /* Build configuration list for PBXProject "NYCSchools" */ = {
			isa = XCConfigurationList;
			buildConfigurations = (
				4CF1BA12202B68B100A96192 /* Debug */,
				4CF1BA13202B68B100A96192 /* Release */,
			);
			defaultConfigurationIsVisible = 0;
			defaultConfigurationName = Release;
		};
		4CF1BA14202B68B100A96192 /* Build configuration list for PBXNativeTarget "NYCSchools" */ = {
			isa = XCConfigurationList;
			buildConfigurations = (
				4CF1BA15202B68B100A96192 /* Debug */,
				4CF1BA16202B68B100A96192 /* Release */,
			);
			defaultConfigurationIsVisible = 0;
			defaultConfigurationName = Release;
		};
		4CF1BA17202B68B100A96192 /* Build configuration list for PBXNativeTarget "NYCSchoolsTests" */ = {
			isa = XCConfigurationList;
			buildConfigurations = (
				4CF1BA18202B68B100A96192 /* Debug */,
				4CF1BA19202B68B100A96192 /* Release */,
			);
			defaultConfigurationIsVisible = 0;
			defaultConfigurationName = Release;
		};
		4CF1BA1A202B68B100A96192 /* Build configuration list for PBXNativeTarget "NYCSchoolsUITests" */ = {
			isa = XCConfigurationList;
			buildConfigurations = (
				4CF1BA1B202B68B100A96192 /* Debug */,
				4CF1BA1C202B68B100A96192 /* Release */,
			);
			defaultConfigurationIsVisible = 0;
			defaultConfigurationName = Release;
		};
/* End XCConfigurationList section */
	};
	rootObject = 4CF1B9E4202B68B100A96192 /* Project object */;
}
