PODS:
  - Alamofire (4.6.0)
  - Nimble (7.0.3)
  - ObjectMapper (3.1.0)
  - PhoneNumberKit (2.1.0):
    - PhoneNumberKit/PhoneNumberKitCore (= 2.1.0)
    - PhoneNumberKit/UIKit (= 2.1.0)
  - PhoneNumberKit/PhoneNumberKitCore (2.1.0)
  - PhoneNumberKit/UIKit (2.1.0):
    - PhoneNumberKit/PhoneNumberKitCore
  - Quick (1.2.0)
  - RxCocoa (4.1.2):
    - RxSwift (~> 4.0)
  - RxSwift (4.1.2)
  - SnapKit (4.0.0)

DEPENDENCIES:
  - Alamofire
  - Nimble
  - ObjectMapper
  - PhoneNumberKit
  - Quick
  - RxCocoa
  - RxSwift
  - SnapKit

SPEC CHECKSUMS:
  Alamofire: f41a599bd63041760b26d393ec1069d9d7b917f4
  Nimble: 7f5a9c447a33002645a071bddafbfb24ea70e0ac
  ObjectMapper: 20505058f54e5c3ca69e1d6de9897d152a5369a6
  PhoneNumberKit: 62003f40ff75315fd3738286558bc365365ac222
  Quick: 58d203b1c5e27fff7229c4c1ae445ad7069a7a08
  RxCocoa: d88ba0f1f6abf040011a9eb4b539324fc426843a
  RxSwift: e49536837d9901277638493ea537394d4b55f570
  SnapKit: a42d492c16e80209130a3379f73596c3454b7694

PODFILE CHECKSUM: 6763d1a52c94471edd404a6b6e45f406a9134693

COCOAPODS: 1.4.0
